# This file is automatically generated by Poetry and should not be changed by hand.
# To regenerate this file, run: poetry lock

# Note: This is a placeholder. In a real project, this file would be generated
# by running 'poetry install' or 'poetry lock' with the actual packages.
# The lock file contains exact versions of all dependencies and their transitive dependencies.

[[package]]
name = "placeholder"
version = "1.0.0"
description = "This is a placeholder lock file"
category = "main"
optional = false
python-versions = "*"

[metadata]
lock-version = "2.0"
python-versions = "^3.11"
content-hash = "placeholder-hash"